<?xml version="1.0" encoding="UTF-8" standalone="yes" ?>
<CodeBlocks_project_file>
	<FileVersion major="1" minor="6" />
	<Project>
		<Option title="first-repo" />
		<Option pch_mode="2" />
		<Option compiler="gcc" />
		<Build>
			<Target title="Debug">
				<Option output="bin/Debug/first-repo" prefix_auto="1" extension_auto="1" />
				<Option object_output="obj/Debug/" />
				<Option type="1" />
				<Option compiler="gcc" />
				<Compiler>
					<Add option="-g" />
					<Add directory="Headers" />
				</Compiler>
			</Target>
			<Target title="Release">
				<Option output="bin/Release/first-repo" prefix_auto="1" extension_auto="1" />
				<Option object_output="obj/Release/" />
				<Option type="1" />
				<Option compiler="gcc" />
				<Compiler>
					<Add option="-O2" />
					<Add directory="Headers" />
				</Compiler>
				<Linker>
					<Add option="-s" />
				</Linker>
			</Target>
		</Build>
		<Compiler>
			<Add option="-Wall" />
			<Add option="-fexceptions" />
		</Compiler>
		<Unit filename="Headers/DataItem.h" />
		<Unit filename="Headers/DataStructure.h" />
		<Unit filename="Headers/DataStructureNode.h" />
		<Unit filename="Headers/HashTable.h" />
		<Unit filename="Headers/LinkedList.h" />
		<Unit filename="Sources/DataItem.cpp" />
		<Unit filename="Sources/DataStructure.cpp" />
		<Unit filename="Sources/DataStructureNode.cpp" />
		<Unit filename="Sources/HashTable.cpp" />
		<Unit filename="Sources/LinkedList.cpp" />
		<Unit filename="main.cpp" />
		<Extensions>
			<lib_finder disable_auto="1" />
		</Extensions>
	</Project>
</CodeBlocks_project_file>
